// !$*UTF8*$!
{
	archiveVersion = 1;
	classes = {
	};
	objectVersion = 46;
	objects = {

/* Begin PBXBuildFile section */
		C901CAB914B7844A00C3FD84 /* MJGChoiceViewController.h in Headers */ = {isa = PBXBuildFile; fileRef = C901CAB114B7844A00C3FD84 /* MJGChoiceViewController.h */; };
		C901CABA14B7844A00C3FD84 /* MJGChoiceViewController.m in Sources */ = {isa = PBXBuildFile; fileRef = C901CAB214B7844A00C3FD84 /* MJGChoiceViewController.m */; };
		C901CABB14B7844A00C3FD84 /* MJGFullscreenImageViewController.h in Headers */ = {isa = PBXBuildFile; fileRef = C901CAB314B7844A00C3FD84 /* MJGFullscreenImageViewController.h */; };
		C901CABC14B7844A00C3FD84 /* MJGFullscreenImageViewController.m in Sources */ = {isa = PBXBuildFile; fileRef = C901CAB414B7844A00C3FD84 /* MJGFullscreenImageViewController.m */; };
		C901CABD14B7844A00C3FD84 /* MJGFullscreenWebViewController.h in Headers */ = {isa = PBXBuildFile; fileRef = C901CAB514B7844A00C3FD84 /* MJGFullscreenWebViewController.h */; };
		C901CABE14B7844A00C3FD84 /* MJGFullscreenWebViewController.m in Sources */ = {isa = PBXBuildFile; fileRef = C901CAB614B7844A00C3FD84 /* MJGFullscreenWebViewController.m */; };
		C901CABF14B7844A00C3FD84 /* MJGImageGalleryViewController.h in Headers */ = {isa = PBXBuildFile; fileRef = C901CAB714B7844A00C3FD84 /* MJGImageGalleryViewController.h */; };
		C901CAC014B7844A00C3FD84 /* MJGImageGalleryViewController.m in Sources */ = {isa = PBXBuildFile; fileRef = C901CAB814B7844A00C3FD84 /* MJGImageGalleryViewController.m */; };
		C901CAFC14B7921200C3FD84 /* MJGLoadableImageView.h in Headers */ = {isa = PBXBuildFile; fileRef = C901CAFA14B7921200C3FD84 /* MJGLoadableImageView.h */; };
		C901CAFD14B7921200C3FD84 /* MJGLoadableImageView.m in Sources */ = {isa = PBXBuildFile; fileRef = C901CAFB14B7921200C3FD84 /* MJGLoadableImageView.m */; };
		C901CB2914B7A86E00C3FD84 /* MJGImageLoader.h in Headers */ = {isa = PBXBuildFile; fileRef = C901CB2714B7A86E00C3FD84 /* MJGImageLoader.h */; };
		C901CB2A14B7A86E00C3FD84 /* MJGImageLoader.m in Sources */ = {isa = PBXBuildFile; fileRef = C901CB2814B7A86E00C3FD84 /* MJGImageLoader.m */; };
		C901CB2D14B7B3A500C3FD84 /* MJGStack.h in Headers */ = {isa = PBXBuildFile; fileRef = C901CB2B14B7B3A500C3FD84 /* MJGStack.h */; };
		C901CB2E14B7B3A500C3FD84 /* MJGStack.m in Sources */ = {isa = PBXBuildFile; fileRef = C901CB2C14B7B3A500C3FD84 /* MJGStack.m */; };
		C909420514B84B8900BE443A /* MJGRPNCalculator.h in Headers */ = {isa = PBXBuildFile; fileRef = C909420314B84B8900BE443A /* MJGRPNCalculator.h */; };
		C909420614B84B8900BE443A /* MJGRPNCalculator.m in Sources */ = {isa = PBXBuildFile; fileRef = C909420414B84B8900BE443A /* MJGRPNCalculator.m */; };
		C909420F14B85CA200BE443A /* SenTestingKit.framework in Frameworks */ = {isa = PBXBuildFile; fileRef = C909420E14B85CA200BE443A /* SenTestingKit.framework */; };
		C909421114B85CA200BE443A /* UIKit.framework in Frameworks */ = {isa = PBXBuildFile; fileRef = C909421014B85CA200BE443A /* UIKit.framework */; };
		C909421214B85CA200BE443A /* Foundation.framework in Frameworks */ = {isa = PBXBuildFile; fileRef = C9EB54BF14A609CD003B4206 /* Foundation.framework */; };
		C909422014B85F4000BE443A /* libMJGFoundation.a in Frameworks */ = {isa = PBXBuildFile; fileRef = C9EB54BC14A609CD003B4206 /* libMJGFoundation.a */; };
		C909422714B864A800BE443A /* UIKit.framework in Frameworks */ = {isa = PBXBuildFile; fileRef = C909421014B85CA200BE443A /* UIKit.framework */; };
		C909422814B864A800BE443A /* Foundation.framework in Frameworks */ = {isa = PBXBuildFile; fileRef = C9EB54BF14A609CD003B4206 /* Foundation.framework */; };
		C909422A14B864A800BE443A /* CoreGraphics.framework in Frameworks */ = {isa = PBXBuildFile; fileRef = C909422914B864A800BE443A /* CoreGraphics.framework */; };
		C909423214B864A800BE443A /* main.m in Sources */ = {isa = PBXBuildFile; fileRef = C909423114B864A800BE443A /* main.m */; };
		C909424C14B868C800BE443A /* libMJGFoundation.a in Frameworks */ = {isa = PBXBuildFile; fileRef = C9EB54BC14A609CD003B4206 /* libMJGFoundation.a */; };
		C91BFD5214B2FCF300F00F47 /* MJGRateView.h in Headers */ = {isa = PBXBuildFile; fileRef = C91BFD5014B2FCF300F00F47 /* MJGRateView.h */; };
		C91BFD5314B2FCF300F00F47 /* MJGRateView.m in Sources */ = {isa = PBXBuildFile; fileRef = C91BFD5114B2FCF300F00F47 /* MJGRateView.m */; };
		C945E94F15B5F45800F560BD /* MJGSortedMutableArray.h in Headers */ = {isa = PBXBuildFile; fileRef = C945E94D15B5F45800F560BD /* MJGSortedMutableArray.h */; };
		C945E95015B5F45800F560BD /* MJGSortedMutableArray.m in Sources */ = {isa = PBXBuildFile; fileRef = C945E94E15B5F45800F560BD /* MJGSortedMutableArray.m */; };
		C95235B314B86E3000B880D3 /* AppDelegate.h in Headers */ = {isa = PBXBuildFile; fileRef = C95235AE14B86E3000B880D3 /* AppDelegate.h */; };
		C95235B614B86E3000B880D3 /* MainViewController.h in Headers */ = {isa = PBXBuildFile; fileRef = C95235B114B86E3000B880D3 /* MainViewController.h */; };
		C95235B914B86E7300B880D3 /* AppDelegate.m in Sources */ = {isa = PBXBuildFile; fileRef = C95235AF14B86E3000B880D3 /* AppDelegate.m */; };
		C95235BA14B86E7300B880D3 /* MainViewController.m in Sources */ = {isa = PBXBuildFile; fileRef = C95235B214B86E3000B880D3 /* MainViewController.m */; };
		C95235BB14B86E7F00B880D3 /* MainViewController~ipad.xib in Resources */ = {isa = PBXBuildFile; fileRef = C95235AB14B86E3000B880D3 /* MainViewController~ipad.xib */; };
		C95235BC14B86E7F00B880D3 /* MainViewController~iphone.xib in Resources */ = {isa = PBXBuildFile; fileRef = C95235AC14B86E3000B880D3 /* MainViewController~iphone.xib */; };
		C95235C014B86E9E00B880D3 /* MJGRPNCalculatorTests.h in Headers */ = {isa = PBXBuildFile; fileRef = C95235BE14B86E9E00B880D3 /* MJGRPNCalculatorTests.h */; };
		C95235C214B86EAF00B880D3 /* MJGRPNCalculatorTests.m in Sources */ = {isa = PBXBuildFile; fileRef = C95235BF14B86E9E00B880D3 /* MJGRPNCalculatorTests.m */; };
		C974E3B014DC5B2500B98A7C /* MJGObjectCache.h in Headers */ = {isa = PBXBuildFile; fileRef = C974E3AE14DC5B2500B98A7C /* MJGObjectCache.h */; };
		C974E3B114DC5B2500B98A7C /* MJGObjectCache.m in Sources */ = {isa = PBXBuildFile; fileRef = C974E3AF14DC5B2500B98A7C /* MJGObjectCache.m */; };
		C974E3B514DC5B5C00B98A7C /* MJGObjectCacheEntry.h in Headers */ = {isa = PBXBuildFile; fileRef = C974E3B314DC5B5C00B98A7C /* MJGObjectCacheEntry.h */; };
		C974E3B614DC5B5C00B98A7C /* MJGObjectCacheEntry.m in Sources */ = {isa = PBXBuildFile; fileRef = C974E3B414DC5B5C00B98A7C /* MJGObjectCacheEntry.m */; };
		C974E3F414DEF3B600B98A7C /* ExampleMJGRateViewViewController.h in Headers */ = {isa = PBXBuildFile; fileRef = C974E3F214DEF3B600B98A7C /* ExampleMJGRateViewViewController.h */; };
		C974E3F514DEF3B600B98A7C /* ExampleMJGRateViewViewController.m in Sources */ = {isa = PBXBuildFile; fileRef = C974E3F314DEF3B600B98A7C /* ExampleMJGRateViewViewController.m */; };
		C974E3F714DEF5ED00B98A7C /* star_off.png in Resources */ = {isa = PBXBuildFile; fileRef = C91BFD5714B2FECA00F00F47 /* star_off.png */; };
		C974E3F814DEF5ED00B98A7C /* star_off@2x.png in Resources */ = {isa = PBXBuildFile; fileRef = C91BFD5814B2FECA00F00F47 /* star_off@2x.png */; };
		C974E3F914DEF5ED00B98A7C /* star_on.png in Resources */ = {isa = PBXBuildFile; fileRef = C91BFD5914B2FECA00F00F47 /* star_on.png */; };
		C974E3FA14DEF5ED00B98A7C /* star_on@2x.png in Resources */ = {isa = PBXBuildFile; fileRef = C91BFD5A14B2FECA00F00F47 /* star_on@2x.png */; };
		C974E40814DF404700B98A7C /* SenTestingKit.framework in Frameworks */ = {isa = PBXBuildFile; fileRef = C909420E14B85CA200BE443A /* SenTestingKit.framework */; };
		C974E40914DF404700B98A7C /* UIKit.framework in Frameworks */ = {isa = PBXBuildFile; fileRef = C909421014B85CA200BE443A /* UIKit.framework */; };
		C974E40A14DF404700B98A7C /* Foundation.framework in Frameworks */ = {isa = PBXBuildFile; fileRef = C9EB54BF14A609CD003B4206 /* Foundation.framework */; };
		C974E41E14DF408700B98A7C /* MJGObjectCacheTests-Prefix.pch in Headers */ = {isa = PBXBuildFile; fileRef = C974E41A14DF408700B98A7C /* MJGObjectCacheTests-Prefix.pch */; };
		C974E41F14DF408700B98A7C /* MJGObjectCacheTests.h in Headers */ = {isa = PBXBuildFile; fileRef = C974E41C14DF408700B98A7C /* MJGObjectCacheTests.h */; };
		C974E42214DF40C900B98A7C /* libMJGFoundation.a in Frameworks */ = {isa = PBXBuildFile; fileRef = C9EB54BC14A609CD003B4206 /* libMJGFoundation.a */; };
		C974E42314DF412A00B98A7C /* MJGObjectCacheTests.m in Sources */ = {isa = PBXBuildFile; fileRef = C974E41D14DF408700B98A7C /* MJGObjectCacheTests.m */; };
		C9D0256414C75F5700D494C1 /* MJGAvailability.h in Headers */ = {isa = PBXBuildFile; fileRef = C9D0256314C75F5700D494C1 /* MJGAvailability.h */; };
		C9D7F05614D97CA8002C2AC1 /* MJG2DPinchGestureRecognizer.h in Headers */ = {isa = PBXBuildFile; fileRef = C9D7F05414D97CA8002C2AC1 /* MJG2DPinchGestureRecognizer.h */; };
		C9D7F05714D97CA8002C2AC1 /* MJG2DPinchGestureRecognizer.m in Sources */ = {isa = PBXBuildFile; fileRef = C9D7F05514D97CA8002C2AC1 /* MJG2DPinchGestureRecognizer.m */; };
		C9D7F05B14D98364002C2AC1 /* Example2DPinchGestureRecognizerViewController.h in Headers */ = {isa = PBXBuildFile; fileRef = C9D7F05914D98364002C2AC1 /* Example2DPinchGestureRecognizerViewController.h */; };
		C9D7F05C14D98364002C2AC1 /* Example2DPinchGestureRecognizerViewController.m in Sources */ = {isa = PBXBuildFile; fileRef = C9D7F05A14D98364002C2AC1 /* Example2DPinchGestureRecognizerViewController.m */; };
		C9EB54C014A609CD003B4206 /* Foundation.framework in Frameworks */ = {isa = PBXBuildFile; fileRef = C9EB54BF14A609CD003B4206 /* Foundation.framework */; };
		C9EB54D314A60A2D003B4206 /* MJGFoundation-Prefix.pch in Headers */ = {isa = PBXBuildFile; fileRef = C9EB54D214A60A2D003B4206 /* MJGFoundation-Prefix.pch */; };
		C9EB54FC14A60B60003B4206 /* NSData-MJGZip.h in Headers */ = {isa = PBXBuildFile; fileRef = C9EB54D714A60B60003B4206 /* NSData-MJGZip.h */; };
		C9EB54FD14A60B60003B4206 /* NSData-MJGZip.m in Sources */ = {isa = PBXBuildFile; fileRef = C9EB54D814A60B60003B4206 /* NSData-MJGZip.m */; };
		C9EB54FE14A60B60003B4206 /* NSDate-MJGFormat.h in Headers */ = {isa = PBXBuildFile; fileRef = C9EB54DA14A60B60003B4206 /* NSDate-MJGFormat.h */; };
		C9EB54FF14A60B60003B4206 /* NSDate-MJGFormat.m in Sources */ = {isa = PBXBuildFile; fileRef = C9EB54DB14A60B60003B4206 /* NSDate-MJGFormat.m */; };
		C9EB550214A60B60003B4206 /* NSDictionary-MJGURLEncode.h in Headers */ = {isa = PBXBuildFile; fileRef = C9EB54DF14A60B60003B4206 /* NSDictionary-MJGURLEncode.h */; };
		C9EB550314A60B60003B4206 /* NSDictionary-MJGURLEncode.m in Sources */ = {isa = PBXBuildFile; fileRef = C9EB54E014A60B60003B4206 /* NSDictionary-MJGURLEncode.m */; };
		C9EB550414A60B60003B4206 /* NSError-MJGAlert.h in Headers */ = {isa = PBXBuildFile; fileRef = C9EB54E214A60B60003B4206 /* NSError-MJGAlert.h */; };
		C9EB550514A60B60003B4206 /* NSError-MJGAlert.m in Sources */ = {isa = PBXBuildFile; fileRef = C9EB54E314A60B60003B4206 /* NSError-MJGAlert.m */; };
		C9EB550614A60B60003B4206 /* NSNumber-MJGRandom.h in Headers */ = {isa = PBXBuildFile; fileRef = C9EB54E514A60B60003B4206 /* NSNumber-MJGRandom.h */; };
		C9EB550714A60B60003B4206 /* NSNumber-MJGRandom.m in Sources */ = {isa = PBXBuildFile; fileRef = C9EB54E614A60B60003B4206 /* NSNumber-MJGRandom.m */; };
		C9EB550A14A60B60003B4206 /* NSString-MJGCrypto.h in Headers */ = {isa = PBXBuildFile; fileRef = C9EB54EA14A60B60003B4206 /* NSString-MJGCrypto.h */; };
		C9EB550B14A60B60003B4206 /* NSString-MJGCrypto.m in Sources */ = {isa = PBXBuildFile; fileRef = C9EB54EB14A60B60003B4206 /* NSString-MJGCrypto.m */; };
		C9EB550C14A60B60003B4206 /* NSString-MJGURLEncode.h in Headers */ = {isa = PBXBuildFile; fileRef = C9EB54EC14A60B60003B4206 /* NSString-MJGURLEncode.h */; };
		C9EB550D14A60B60003B4206 /* NSString-MJGURLEncode.m in Sources */ = {isa = PBXBuildFile; fileRef = C9EB54ED14A60B60003B4206 /* NSString-MJGURLEncode.m */; };
		C9EB550E14A60B60003B4206 /* UIButton-MJGAdditions.h in Headers */ = {isa = PBXBuildFile; fileRef = C9EB54EF14A60B60003B4206 /* UIButton-MJGAdditions.h */; };
		C9EB550F14A60B60003B4206 /* UIButton-MJGAdditions.m in Sources */ = {isa = PBXBuildFile; fileRef = C9EB54F014A60B60003B4206 /* UIButton-MJGAdditions.m */; };
		C9EB551014A60B60003B4206 /* UIColor-MJGAdditions.h in Headers */ = {isa = PBXBuildFile; fileRef = C9EB54F214A60B60003B4206 /* UIColor-MJGAdditions.h */; };
		C9EB551114A60B60003B4206 /* UIColor-MJGAdditions.m in Sources */ = {isa = PBXBuildFile; fileRef = C9EB54F314A60B60003B4206 /* UIColor-MJGAdditions.m */; };
		C9EB551214A60B60003B4206 /* UIImage-MJGScaling.h in Headers */ = {isa = PBXBuildFile; fileRef = C9EB54F514A60B60003B4206 /* UIImage-MJGScaling.h */; };
		C9EB551314A60B60003B4206 /* UIImage-MJGScaling.m in Sources */ = {isa = PBXBuildFile; fileRef = C9EB54F614A60B60003B4206 /* UIImage-MJGScaling.m */; };
		C9EB551E14A6112D003B4206 /* MJGFoundation.h in Headers */ = {isa = PBXBuildFile; fileRef = C9EB551D14A6112C003B4206 /* MJGFoundation.h */; };
/* End PBXBuildFile section */

/* Begin PBXFileReference section */
		C901CAB114B7844A00C3FD84 /* MJGChoiceViewController.h */ = {isa = PBXFileReference; fileEncoding = 4; lastKnownFileType = sourcecode.c.h; path = MJGChoiceViewController.h; sourceTree = "<group>"; };
		C901CAB214B7844A00C3FD84 /* MJGChoiceViewController.m */ = {isa = PBXFileReference; fileEncoding = 4; lastKnownFileType = sourcecode.c.objc; path = MJGChoiceViewController.m; sourceTree = "<group>"; };
		C901CAB314B7844A00C3FD84 /* MJGFullscreenImageViewController.h */ = {isa = PBXFileReference; fileEncoding = 4; lastKnownFileType = sourcecode.c.h; path = MJGFullscreenImageViewController.h; sourceTree = "<group>"; };
		C901CAB414B7844A00C3FD84 /* MJGFullscreenImageViewController.m */ = {isa = PBXFileReference; fileEncoding = 4; lastKnownFileType = sourcecode.c.objc; path = MJGFullscreenImageViewController.m; sourceTree = "<group>"; };
		C901CAB514B7844A00C3FD84 /* MJGFullscreenWebViewController.h */ = {isa = PBXFileReference; fileEncoding = 4; lastKnownFileType = sourcecode.c.h; path = MJGFullscreenWebViewController.h; sourceTree = "<group>"; };
		C901CAB614B7844A00C3FD84 /* MJGFullscreenWebViewController.m */ = {isa = PBXFileReference; fileEncoding = 4; lastKnownFileType = sourcecode.c.objc; path = MJGFullscreenWebViewController.m; sourceTree = "<group>"; };
		C901CAB714B7844A00C3FD84 /* MJGImageGalleryViewController.h */ = {isa = PBXFileReference; fileEncoding = 4; lastKnownFileType = sourcecode.c.h; path = MJGImageGalleryViewController.h; sourceTree = "<group>"; };
		C901CAB814B7844A00C3FD84 /* MJGImageGalleryViewController.m */ = {isa = PBXFileReference; fileEncoding = 4; lastKnownFileType = sourcecode.c.objc; path = MJGImageGalleryViewController.m; sourceTree = "<group>"; };
		C901CAFA14B7921200C3FD84 /* MJGLoadableImageView.h */ = {isa = PBXFileReference; fileEncoding = 4; lastKnownFileType = sourcecode.c.h; path = MJGLoadableImageView.h; sourceTree = "<group>"; };
		C901CAFB14B7921200C3FD84 /* MJGLoadableImageView.m */ = {isa = PBXFileReference; fileEncoding = 4; lastKnownFileType = sourcecode.c.objc; path = MJGLoadableImageView.m; sourceTree = "<group>"; };
		C901CB2714B7A86E00C3FD84 /* MJGImageLoader.h */ = {isa = PBXFileReference; fileEncoding = 4; lastKnownFileType = sourcecode.c.h; path = MJGImageLoader.h; sourceTree = "<group>"; };
		C901CB2814B7A86E00C3FD84 /* MJGImageLoader.m */ = {isa = PBXFileReference; fileEncoding = 4; lastKnownFileType = sourcecode.c.objc; path = MJGImageLoader.m; sourceTree = "<group>"; };
		C901CB2B14B7B3A500C3FD84 /* MJGStack.h */ = {isa = PBXFileReference; fileEncoding = 4; lastKnownFileType = sourcecode.c.h; path = MJGStack.h; sourceTree = "<group>"; };
		C901CB2C14B7B3A500C3FD84 /* MJGStack.m */ = {isa = PBXFileReference; fileEncoding = 4; lastKnownFileType = sourcecode.c.objc; path = MJGStack.m; sourceTree = "<group>"; };
		C909420314B84B8900BE443A /* MJGRPNCalculator.h */ = {isa = PBXFileReference; fileEncoding = 4; lastKnownFileType = sourcecode.c.h; path = MJGRPNCalculator.h; sourceTree = "<group>"; };
		C909420414B84B8900BE443A /* MJGRPNCalculator.m */ = {isa = PBXFileReference; fileEncoding = 4; lastKnownFileType = sourcecode.c.objc; path = MJGRPNCalculator.m; sourceTree = "<group>"; };
		C909420D14B85CA200BE443A /* MJGRPNCalculatorTests.octest */ = {isa = PBXFileReference; explicitFileType = wrapper.cfbundle; includeInIndex = 0; path = MJGRPNCalculatorTests.octest; sourceTree = BUILT_PRODUCTS_DIR; };
		C909420E14B85CA200BE443A /* SenTestingKit.framework */ = {isa = PBXFileReference; lastKnownFileType = wrapper.framework; name = SenTestingKit.framework; path = ../../../../iPhoneSimulator.platform/Developer/SDKs/iPhoneSimulator5.0.sdk/Developer/Library/Frameworks/SenTestingKit.framework; sourceTree = SDKROOT; };
		C909421014B85CA200BE443A /* UIKit.framework */ = {isa = PBXFileReference; lastKnownFileType = wrapper.framework; name = UIKit.framework; path = System/Library/Frameworks/UIKit.framework; sourceTree = SDKROOT; };
		C909421514B85CA200BE443A /* MJGRPNCalculatorTests-Info.plist */ = {isa = PBXFileReference; lastKnownFileType = text.plist.xml; path = "MJGRPNCalculatorTests-Info.plist"; sourceTree = "<group>"; };
		C909421C14B85CA300BE443A /* MJGRPNCalculatorTests-Prefix.pch */ = {isa = PBXFileReference; lastKnownFileType = sourcecode.c.h; path = "MJGRPNCalculatorTests-Prefix.pch"; sourceTree = "<group>"; };
		C909422514B864A800BE443A /* MJGFoundationUICatalog.app */ = {isa = PBXFileReference; explicitFileType = wrapper.application; includeInIndex = 0; path = MJGFoundationUICatalog.app; sourceTree = BUILT_PRODUCTS_DIR; };
		C909422914B864A800BE443A /* CoreGraphics.framework */ = {isa = PBXFileReference; lastKnownFileType = wrapper.framework; name = CoreGraphics.framework; path = System/Library/Frameworks/CoreGraphics.framework; sourceTree = SDKROOT; };
		C909422D14B864A800BE443A /* MJGFoundationUICatalog-Info.plist */ = {isa = PBXFileReference; lastKnownFileType = text.plist.xml; path = "MJGFoundationUICatalog-Info.plist"; sourceTree = "<group>"; };
		C909423114B864A800BE443A /* main.m */ = {isa = PBXFileReference; lastKnownFileType = sourcecode.c.objc; path = main.m; sourceTree = "<group>"; };
		C909423314B864A800BE443A /* MJGFoundationUICatalog-Prefix.pch */ = {isa = PBXFileReference; lastKnownFileType = sourcecode.c.h; path = "MJGFoundationUICatalog-Prefix.pch"; sourceTree = "<group>"; };
		C91BFD5014B2FCF300F00F47 /* MJGRateView.h */ = {isa = PBXFileReference; fileEncoding = 4; lastKnownFileType = sourcecode.c.h; path = MJGRateView.h; sourceTree = "<group>"; };
		C91BFD5114B2FCF300F00F47 /* MJGRateView.m */ = {isa = PBXFileReference; fileEncoding = 4; lastKnownFileType = sourcecode.c.objc; path = MJGRateView.m; sourceTree = "<group>"; };
		C91BFD5714B2FECA00F00F47 /* star_off.png */ = {isa = PBXFileReference; lastKnownFileType = image.png; path = star_off.png; sourceTree = "<group>"; };
		C91BFD5814B2FECA00F00F47 /* star_off@2x.png */ = {isa = PBXFileReference; lastKnownFileType = image.png; path = "star_off@2x.png"; sourceTree = "<group>"; };
		C91BFD5914B2FECA00F00F47 /* star_on.png */ = {isa = PBXFileReference; lastKnownFileType = image.png; path = star_on.png; sourceTree = "<group>"; };
		C91BFD5A14B2FECA00F00F47 /* star_on@2x.png */ = {isa = PBXFileReference; lastKnownFileType = image.png; path = "star_on@2x.png"; sourceTree = "<group>"; };
		C945E94D15B5F45800F560BD /* MJGSortedMutableArray.h */ = {isa = PBXFileReference; fileEncoding = 4; lastKnownFileType = sourcecode.c.h; path = MJGSortedMutableArray.h; sourceTree = "<group>"; };
		C945E94E15B5F45800F560BD /* MJGSortedMutableArray.m */ = {isa = PBXFileReference; fileEncoding = 4; lastKnownFileType = sourcecode.c.objc; path = MJGSortedMutableArray.m; sourceTree = "<group>"; };
		C95235AB14B86E3000B880D3 /* MainViewController~ipad.xib */ = {isa = PBXFileReference; fileEncoding = 4; lastKnownFileType = file.xib; path = "MainViewController~ipad.xib"; sourceTree = "<group>"; };
		C95235AC14B86E3000B880D3 /* MainViewController~iphone.xib */ = {isa = PBXFileReference; fileEncoding = 4; lastKnownFileType = file.xib; path = "MainViewController~iphone.xib"; sourceTree = "<group>"; };
		C95235AE14B86E3000B880D3 /* AppDelegate.h */ = {isa = PBXFileReference; fileEncoding = 4; lastKnownFileType = sourcecode.c.h; path = AppDelegate.h; sourceTree = "<group>"; };
		C95235AF14B86E3000B880D3 /* AppDelegate.m */ = {isa = PBXFileReference; fileEncoding = 4; lastKnownFileType = sourcecode.c.objc; path = AppDelegate.m; sourceTree = "<group>"; };
		C95235B114B86E3000B880D3 /* MainViewController.h */ = {isa = PBXFileReference; fileEncoding = 4; lastKnownFileType = sourcecode.c.h; path = MainViewController.h; sourceTree = "<group>"; };
		C95235B214B86E3000B880D3 /* MainViewController.m */ = {isa = PBXFileReference; fileEncoding = 4; lastKnownFileType = sourcecode.c.objc; path = MainViewController.m; sourceTree = "<group>"; };
		C95235BE14B86E9E00B880D3 /* MJGRPNCalculatorTests.h */ = {isa = PBXFileReference; fileEncoding = 4; lastKnownFileType = sourcecode.c.h; path = MJGRPNCalculatorTests.h; sourceTree = "<group>"; };
		C95235BF14B86E9E00B880D3 /* MJGRPNCalculatorTests.m */ = {isa = PBXFileReference; fileEncoding = 4; lastKnownFileType = sourcecode.c.objc; path = MJGRPNCalculatorTests.m; sourceTree = "<group>"; };
		C974E3AE14DC5B2500B98A7C /* MJGObjectCache.h */ = {isa = PBXFileReference; fileEncoding = 4; lastKnownFileType = sourcecode.c.h; path = MJGObjectCache.h; sourceTree = "<group>"; };
		C974E3AF14DC5B2500B98A7C /* MJGObjectCache.m */ = {isa = PBXFileReference; fileEncoding = 4; lastKnownFileType = sourcecode.c.objc; path = MJGObjectCache.m; sourceTree = "<group>"; };
		C974E3B314DC5B5C00B98A7C /* MJGObjectCacheEntry.h */ = {isa = PBXFileReference; fileEncoding = 4; lastKnownFileType = sourcecode.c.h; path = MJGObjectCacheEntry.h; sourceTree = "<group>"; };
		C974E3B414DC5B5C00B98A7C /* MJGObjectCacheEntry.m */ = {isa = PBXFileReference; fileEncoding = 4; lastKnownFileType = sourcecode.c.objc; path = MJGObjectCacheEntry.m; sourceTree = "<group>"; };
		C974E3F214DEF3B600B98A7C /* ExampleMJGRateViewViewController.h */ = {isa = PBXFileReference; fileEncoding = 4; lastKnownFileType = sourcecode.c.h; path = ExampleMJGRateViewViewController.h; sourceTree = "<group>"; };
		C974E3F314DEF3B600B98A7C /* ExampleMJGRateViewViewController.m */ = {isa = PBXFileReference; fileEncoding = 4; lastKnownFileType = sourcecode.c.objc; path = ExampleMJGRateViewViewController.m; sourceTree = "<group>"; };
		C974E40714DF404700B98A7C /* MJGObjectCacheTests.octest */ = {isa = PBXFileReference; explicitFileType = wrapper.cfbundle; includeInIndex = 0; path = MJGObjectCacheTests.octest; sourceTree = BUILT_PRODUCTS_DIR; };
		C974E41914DF408700B98A7C /* MJGObjectCacheTests-Info.plist */ = {isa = PBXFileReference; fileEncoding = 4; lastKnownFileType = text.plist.xml; path = "MJGObjectCacheTests-Info.plist"; sourceTree = "<group>"; };
		C974E41A14DF408700B98A7C /* MJGObjectCacheTests-Prefix.pch */ = {isa = PBXFileReference; fileEncoding = 4; lastKnownFileType = sourcecode.c.h; path = "MJGObjectCacheTests-Prefix.pch"; sourceTree = "<group>"; };
		C974E41C14DF408700B98A7C /* MJGObjectCacheTests.h */ = {isa = PBXFileReference; fileEncoding = 4; lastKnownFileType = sourcecode.c.h; path = MJGObjectCacheTests.h; sourceTree = "<group>"; };
		C974E41D14DF408700B98A7C /* MJGObjectCacheTests.m */ = {isa = PBXFileReference; fileEncoding = 4; lastKnownFileType = sourcecode.c.objc; path = MJGObjectCacheTests.m; sourceTree = "<group>"; };
		C9D0256314C75F5700D494C1 /* MJGAvailability.h */ = {isa = PBXFileReference; fileEncoding = 4; lastKnownFileType = sourcecode.c.h; path = MJGAvailability.h; sourceTree = "<group>"; };
		C9D7F05414D97CA8002C2AC1 /* MJG2DPinchGestureRecognizer.h */ = {isa = PBXFileReference; fileEncoding = 4; lastKnownFileType = sourcecode.c.h; path = MJG2DPinchGestureRecognizer.h; sourceTree = "<group>"; };
		C9D7F05514D97CA8002C2AC1 /* MJG2DPinchGestureRecognizer.m */ = {isa = PBXFileReference; fileEncoding = 4; lastKnownFileType = sourcecode.c.objc; path = MJG2DPinchGestureRecognizer.m; sourceTree = "<group>"; };
		C9D7F05914D98364002C2AC1 /* Example2DPinchGestureRecognizerViewController.h */ = {isa = PBXFileReference; fileEncoding = 4; lastKnownFileType = sourcecode.c.h; path = Example2DPinchGestureRecognizerViewController.h; sourceTree = "<group>"; };
		C9D7F05A14D98364002C2AC1 /* Example2DPinchGestureRecognizerViewController.m */ = {isa = PBXFileReference; fileEncoding = 4; lastKnownFileType = sourcecode.c.objc; path = Example2DPinchGestureRecognizerViewController.m; sourceTree = "<group>"; };
		C9EB54BC14A609CD003B4206 /* libMJGFoundation.a */ = {isa = PBXFileReference; explicitFileType = archive.ar; includeInIndex = 0; path = libMJGFoundation.a; sourceTree = BUILT_PRODUCTS_DIR; };
		C9EB54BF14A609CD003B4206 /* Foundation.framework */ = {isa = PBXFileReference; lastKnownFileType = wrapper.framework; name = Foundation.framework; path = System/Library/Frameworks/Foundation.framework; sourceTree = SDKROOT; };
		C9EB54D214A60A2D003B4206 /* MJGFoundation-Prefix.pch */ = {isa = PBXFileReference; fileEncoding = 4; lastKnownFileType = sourcecode.c.h; name = "MJGFoundation-Prefix.pch"; path = "Source/MJGFoundation-Prefix.pch"; sourceTree = "<group>"; };
		C9EB54D714A60B60003B4206 /* NSData-MJGZip.h */ = {isa = PBXFileReference; fileEncoding = 4; lastKnownFileType = sourcecode.c.h; path = "NSData-MJGZip.h"; sourceTree = "<group>"; };
		C9EB54D814A60B60003B4206 /* NSData-MJGZip.m */ = {isa = PBXFileReference; fileEncoding = 4; lastKnownFileType = sourcecode.c.objc; path = "NSData-MJGZip.m"; sourceTree = "<group>"; };
		C9EB54DA14A60B60003B4206 /* NSDate-MJGFormat.h */ = {isa = PBXFileReference; fileEncoding = 4; lastKnownFileType = sourcecode.c.h; path = "NSDate-MJGFormat.h"; sourceTree = "<group>"; };
		C9EB54DB14A60B60003B4206 /* NSDate-MJGFormat.m */ = {isa = PBXFileReference; fileEncoding = 4; lastKnownFileType = sourcecode.c.objc; path = "NSDate-MJGFormat.m"; sourceTree = "<group>"; };
		C9EB54DF14A60B60003B4206 /* NSDictionary-MJGURLEncode.h */ = {isa = PBXFileReference; fileEncoding = 4; lastKnownFileType = sourcecode.c.h; path = "NSDictionary-MJGURLEncode.h"; sourceTree = "<group>"; };
		C9EB54E014A60B60003B4206 /* NSDictionary-MJGURLEncode.m */ = {isa = PBXFileReference; fileEncoding = 4; lastKnownFileType = sourcecode.c.objc; path = "NSDictionary-MJGURLEncode.m"; sourceTree = "<group>"; };
		C9EB54E214A60B60003B4206 /* NSError-MJGAlert.h */ = {isa = PBXFileReference; fileEncoding = 4; lastKnownFileType = sourcecode.c.h; path = "NSError-MJGAlert.h"; sourceTree = "<group>"; };
		C9EB54E314A60B60003B4206 /* NSError-MJGAlert.m */ = {isa = PBXFileReference; fileEncoding = 4; lastKnownFileType = sourcecode.c.objc; path = "NSError-MJGAlert.m"; sourceTree = "<group>"; };
		C9EB54E514A60B60003B4206 /* NSNumber-MJGRandom.h */ = {isa = PBXFileReference; fileEncoding = 4; lastKnownFileType = sourcecode.c.h; path = "NSNumber-MJGRandom.h"; sourceTree = "<group>"; };
		C9EB54E614A60B60003B4206 /* NSNumber-MJGRandom.m */ = {isa = PBXFileReference; fileEncoding = 4; lastKnownFileType = sourcecode.c.objc; path = "NSNumber-MJGRandom.m"; sourceTree = "<group>"; };
		C9EB54EA14A60B60003B4206 /* NSString-MJGCrypto.h */ = {isa = PBXFileReference; fileEncoding = 4; lastKnownFileType = sourcecode.c.h; path = "NSString-MJGCrypto.h"; sourceTree = "<group>"; };
		C9EB54EB14A60B60003B4206 /* NSString-MJGCrypto.m */ = {isa = PBXFileReference; fileEncoding = 4; lastKnownFileType = sourcecode.c.objc; path = "NSString-MJGCrypto.m"; sourceTree = "<group>"; };
		C9EB54EC14A60B60003B4206 /* NSString-MJGURLEncode.h */ = {isa = PBXFileReference; fileEncoding = 4; lastKnownFileType = sourcecode.c.h; path = "NSString-MJGURLEncode.h"; sourceTree = "<group>"; };
		C9EB54ED14A60B60003B4206 /* NSString-MJGURLEncode.m */ = {isa = PBXFileReference; fileEncoding = 4; lastKnownFileType = sourcecode.c.objc; path = "NSString-MJGURLEncode.m"; sourceTree = "<group>"; };
		C9EB54EF14A60B60003B4206 /* UIButton-MJGAdditions.h */ = {isa = PBXFileReference; fileEncoding = 4; lastKnownFileType = sourcecode.c.h; path = "UIButton-MJGAdditions.h"; sourceTree = "<group>"; };
		C9EB54F014A60B60003B4206 /* UIButton-MJGAdditions.m */ = {isa = PBXFileReference; fileEncoding = 4; lastKnownFileType = sourcecode.c.objc; path = "UIButton-MJGAdditions.m"; sourceTree = "<group>"; };
		C9EB54F214A60B60003B4206 /* UIColor-MJGAdditions.h */ = {isa = PBXFileReference; fileEncoding = 4; lastKnownFileType = sourcecode.c.h; path = "UIColor-MJGAdditions.h"; sourceTree = "<group>"; };
		C9EB54F314A60B60003B4206 /* UIColor-MJGAdditions.m */ = {isa = PBXFileReference; fileEncoding = 4; lastKnownFileType = sourcecode.c.objc; path = "UIColor-MJGAdditions.m"; sourceTree = "<group>"; };
		C9EB54F514A60B60003B4206 /* UIImage-MJGScaling.h */ = {isa = PBXFileReference; fileEncoding = 4; lastKnownFileType = sourcecode.c.h; path = "UIImage-MJGScaling.h"; sourceTree = "<group>"; };
		C9EB54F614A60B60003B4206 /* UIImage-MJGScaling.m */ = {isa = PBXFileReference; fileEncoding = 4; lastKnownFileType = sourcecode.c.objc; path = "UIImage-MJGScaling.m"; sourceTree = "<group>"; };
		C9EB551D14A6112C003B4206 /* MJGFoundation.h */ = {isa = PBXFileReference; fileEncoding = 4; lastKnownFileType = sourcecode.c.h; path = MJGFoundation.h; sourceTree = "<group>"; };
/* End PBXFileReference section */

/* Begin PBXFrameworksBuildPhase section */
		C909420914B85CA200BE443A /* Frameworks */ = {
			isa = PBXFrameworksBuildPhase;
			buildActionMask = 2147483647;
			files = (
				C909420F14B85CA200BE443A /* SenTestingKit.framework in Frameworks */,
				C909421214B85CA200BE443A /* Foundation.framework in Frameworks */,
				C909421114B85CA200BE443A /* UIKit.framework in Frameworks */,
				C909422014B85F4000BE443A /* libMJGFoundation.a in Frameworks */,
			);
			runOnlyForDeploymentPostprocessing = 0;
		};
		C909422214B864A800BE443A /* Frameworks */ = {
			isa = PBXFrameworksBuildPhase;
			buildActionMask = 2147483647;
			files = (
				C909422714B864A800BE443A /* UIKit.framework in Frameworks */,
				C909422814B864A800BE443A /* Foundation.framework in Frameworks */,
				C909422A14B864A800BE443A /* CoreGraphics.framework in Frameworks */,
				C909424C14B868C800BE443A /* libMJGFoundation.a in Frameworks */,
			);
			runOnlyForDeploymentPostprocessing = 0;
		};
		C974E40314DF404700B98A7C /* Frameworks */ = {
			isa = PBXFrameworksBuildPhase;
			buildActionMask = 2147483647;
			files = (
				C974E40814DF404700B98A7C /* SenTestingKit.framework in Frameworks */,
				C974E40914DF404700B98A7C /* UIKit.framework in Frameworks */,
				C974E40A14DF404700B98A7C /* Foundation.framework in Frameworks */,
				C974E42214DF40C900B98A7C /* libMJGFoundation.a in Frameworks */,
			);
			runOnlyForDeploymentPostprocessing = 0;
		};
		C9EB54B914A609CD003B4206 /* Frameworks */ = {
			isa = PBXFrameworksBuildPhase;
			buildActionMask = 2147483647;
			files = (
				C9EB54C014A609CD003B4206 /* Foundation.framework in Frameworks */,
			);
			runOnlyForDeploymentPostprocessing = 0;
		};
/* End PBXFrameworksBuildPhase section */

/* Begin PBXGroup section */
		C901CAB014B7844A00C3FD84 /* Controller */ = {
			isa = PBXGroup;
			children = (
				C901CAB114B7844A00C3FD84 /* MJGChoiceViewController.h */,
				C901CAB214B7844A00C3FD84 /* MJGChoiceViewController.m */,
				C901CAB314B7844A00C3FD84 /* MJGFullscreenImageViewController.h */,
				C901CAB414B7844A00C3FD84 /* MJGFullscreenImageViewController.m */,
				C901CAB514B7844A00C3FD84 /* MJGFullscreenWebViewController.h */,
				C901CAB614B7844A00C3FD84 /* MJGFullscreenWebViewController.m */,
				C901CAB714B7844A00C3FD84 /* MJGImageGalleryViewController.h */,
				C901CAB814B7844A00C3FD84 /* MJGImageGalleryViewController.m */,
			);
			path = Controller;
			sourceTree = "<group>";
		};
		C901CB2514B7A86D00C3FD84 /* Model */ = {
			isa = PBXGroup;
			children = (
				C901CB2B14B7B3A500C3FD84 /* MJGStack.h */,
				C901CB2C14B7B3A500C3FD84 /* MJGStack.m */,
				C974E3B314DC5B5C00B98A7C /* MJGObjectCacheEntry.h */,
				C974E3B414DC5B5C00B98A7C /* MJGObjectCacheEntry.m */,
				C945E94D15B5F45800F560BD /* MJGSortedMutableArray.h */,
				C945E94E15B5F45800F560BD /* MJGSortedMutableArray.m */,
			);
			path = Model;
			sourceTree = "<group>";
		};
		C901CB2614B7A86D00C3FD84 /* Utilities */ = {
			isa = PBXGroup;
			children = (
				C9D0256314C75F5700D494C1 /* MJGAvailability.h */,
				C901CB2714B7A86E00C3FD84 /* MJGImageLoader.h */,
				C901CB2814B7A86E00C3FD84 /* MJGImageLoader.m */,
				C974E3AE14DC5B2500B98A7C /* MJGObjectCache.h */,
				C974E3AF14DC5B2500B98A7C /* MJGObjectCache.m */,
				C909420314B84B8900BE443A /* MJGRPNCalculator.h */,
				C909420414B84B8900BE443A /* MJGRPNCalculator.m */,
			);
			path = Utilities;
			sourceTree = "<group>";
		};
		C909421314B85CA200BE443A /* MJGRPNCalculatorTests */ = {
			isa = PBXGroup;
			children = (
				C95235BD14B86E9E00B880D3 /* Source */,
				C909421414B85CA200BE443A /* Supporting Files */,
			);
			path = MJGRPNCalculatorTests;
			sourceTree = "<group>";
		};
		C909421414B85CA200BE443A /* Supporting Files */ = {
			isa = PBXGroup;
			children = (
				C909421514B85CA200BE443A /* MJGRPNCalculatorTests-Info.plist */,
				C909421C14B85CA300BE443A /* MJGRPNCalculatorTests-Prefix.pch */,
			);
			name = "Supporting Files";
			sourceTree = "<group>";
		};
		C909422B14B864A800BE443A /* MJGFoundationUICatalog */ = {
			isa = PBXGroup;
			children = (
				C95235AD14B86E3000B880D3 /* Source */,
				C95235AA14B86E3000B880D3 /* Resources */,
				C909422C14B864A800BE443A /* Supporting Files */,
			);
			path = MJGFoundationUICatalog;
			sourceTree = "<group>";
		};
		C909422C14B864A800BE443A /* Supporting Files */ = {
			isa = PBXGroup;
			children = (
				C909422D14B864A800BE443A /* MJGFoundationUICatalog-Info.plist */,
				C909423114B864A800BE443A /* main.m */,
				C909423314B864A800BE443A /* MJGFoundationUICatalog-Prefix.pch */,
			);
			name = "Supporting Files";
			sourceTree = "<group>";
		};
		C91BFD4F14B2FCF300F00F47 /* View */ = {
			isa = PBXGroup;
			children = (
				C901CAFA14B7921200C3FD84 /* MJGLoadableImageView.h */,
				C901CAFB14B7921200C3FD84 /* MJGLoadableImageView.m */,
				C91BFD5014B2FCF300F00F47 /* MJGRateView.h */,
				C91BFD5114B2FCF300F00F47 /* MJGRateView.m */,
				C9D7F05414D97CA8002C2AC1 /* MJG2DPinchGestureRecognizer.h */,
				C9D7F05514D97CA8002C2AC1 /* MJG2DPinchGestureRecognizer.m */,
			);
			path = View;
			sourceTree = "<group>";
		};
		C91BFD5514B2FECA00F00F47 /* Resources */ = {
			isa = PBXGroup;
			children = (
				C91BFD5614B2FECA00F00F47 /* MJGRateView */,
			);
			path = Resources;
			sourceTree = SOURCE_ROOT;
		};
		C91BFD5614B2FECA00F00F47 /* MJGRateView */ = {
			isa = PBXGroup;
			children = (
				C91BFD5714B2FECA00F00F47 /* star_off.png */,
				C91BFD5814B2FECA00F00F47 /* star_off@2x.png */,
				C91BFD5914B2FECA00F00F47 /* star_on.png */,
				C91BFD5A14B2FECA00F00F47 /* star_on@2x.png */,
			);
			path = MJGRateView;
			sourceTree = "<group>";
		};
		C95235AA14B86E3000B880D3 /* Resources */ = {
			isa = PBXGroup;
			children = (
				C95235AB14B86E3000B880D3 /* MainViewController~ipad.xib */,
				C95235AC14B86E3000B880D3 /* MainViewController~iphone.xib */,
			);
			path = Resources;
			sourceTree = "<group>";
		};
		C95235AD14B86E3000B880D3 /* Source */ = {
			isa = PBXGroup;
			children = (
				C95235AE14B86E3000B880D3 /* AppDelegate.h */,
				C95235AF14B86E3000B880D3 /* AppDelegate.m */,
				C95235B114B86E3000B880D3 /* MainViewController.h */,
				C95235B214B86E3000B880D3 /* MainViewController.m */,
				C9D7F05914D98364002C2AC1 /* Example2DPinchGestureRecognizerViewController.h */,
				C9D7F05A14D98364002C2AC1 /* Example2DPinchGestureRecognizerViewController.m */,
				C974E3F214DEF3B600B98A7C /* ExampleMJGRateViewViewController.h */,
				C974E3F314DEF3B600B98A7C /* ExampleMJGRateViewViewController.m */,
			);
			path = Source;
			sourceTree = "<group>";
		};
		C95235BD14B86E9E00B880D3 /* Source */ = {
			isa = PBXGroup;
			children = (
				C95235BE14B86E9E00B880D3 /* MJGRPNCalculatorTests.h */,
				C95235BF14B86E9E00B880D3 /* MJGRPNCalculatorTests.m */,
			);
			path = Source;
			sourceTree = "<group>";
		};
		C974E3FF14DF3FC600B98A7C /* Apps */ = {
			isa = PBXGroup;
			children = (
				C909422B14B864A800BE443A /* MJGFoundationUICatalog */,
			);
			path = Apps;
			sourceTree = "<group>";
		};
		C974E40114DF3FC800B98A7C /* Tests */ = {
			isa = PBXGroup;
			children = (
				C974E41814DF408700B98A7C /* MJGObjectCacheTests */,
				C909421314B85CA200BE443A /* MJGRPNCalculatorTests */,
			);
			path = Tests;
			sourceTree = "<group>";
		};
		C974E41814DF408700B98A7C /* MJGObjectCacheTests */ = {
			isa = PBXGroup;
			children = (
				C974E41B14DF408700B98A7C /* Source */,
				C974E42114DF408F00B98A7C /* Supporting Files */,
			);
			path = MJGObjectCacheTests;
			sourceTree = "<group>";
		};
		C974E41B14DF408700B98A7C /* Source */ = {
			isa = PBXGroup;
			children = (
				C974E41C14DF408700B98A7C /* MJGObjectCacheTests.h */,
				C974E41D14DF408700B98A7C /* MJGObjectCacheTests.m */,
			);
			path = Source;
			sourceTree = "<group>";
		};
		C974E42114DF408F00B98A7C /* Supporting Files */ = {
			isa = PBXGroup;
			children = (
				C974E41914DF408700B98A7C /* MJGObjectCacheTests-Info.plist */,
				C974E41A14DF408700B98A7C /* MJGObjectCacheTests-Prefix.pch */,
			);
			name = "Supporting Files";
			sourceTree = "<group>";
		};
		C9EB54B114A609CD003B4206 = {
			isa = PBXGroup;
			children = (
				C9EB54C114A609CD003B4206 /* MJGFoundation */,
				C974E40114DF3FC800B98A7C /* Tests */,
				C974E3FF14DF3FC600B98A7C /* Apps */,
				C9EB54BE14A609CD003B4206 /* Frameworks */,
				C9EB54BD14A609CD003B4206 /* Products */,
			);
			sourceTree = "<group>";
		};
		C9EB54BD14A609CD003B4206 /* Products */ = {
			isa = PBXGroup;
			children = (
				C9EB54BC14A609CD003B4206 /* libMJGFoundation.a */,
				C909420D14B85CA200BE443A /* MJGRPNCalculatorTests.octest */,
				C909422514B864A800BE443A /* MJGFoundationUICatalog.app */,
				C974E40714DF404700B98A7C /* MJGObjectCacheTests.octest */,
			);
			name = Products;
			sourceTree = "<group>";
		};
		C9EB54BE14A609CD003B4206 /* Frameworks */ = {
			isa = PBXGroup;
			children = (
				C9EB54BF14A609CD003B4206 /* Foundation.framework */,
				C909420E14B85CA200BE443A /* SenTestingKit.framework */,
				C909421014B85CA200BE443A /* UIKit.framework */,
				C909422914B864A800BE443A /* CoreGraphics.framework */,
			);
			name = Frameworks;
			sourceTree = "<group>";
		};
		C9EB54C114A609CD003B4206 /* MJGFoundation */ = {
			isa = PBXGroup;
			children = (
				C9EB54D014A60A2D003B4206 /* Source */,
				C91BFD5514B2FECA00F00F47 /* Resources */,
				C9EB54C214A609CD003B4206 /* Supporting Files */,
			);
			path = MJGFoundation;
			sourceTree = "<group>";
		};
		C9EB54C214A609CD003B4206 /* Supporting Files */ = {
			isa = PBXGroup;
			children = (
				C9EB54D214A60A2D003B4206 /* MJGFoundation-Prefix.pch */,
			);
			name = "Supporting Files";
			sourceTree = "<group>";
		};
		C9EB54D014A60A2D003B4206 /* Source */ = {
			isa = PBXGroup;
			children = (
				C9EB54D114A60A2D003B4206 /* Categories */,
				C901CAB014B7844A00C3FD84 /* Controller */,
				C901CB2514B7A86D00C3FD84 /* Model */,
				C901CB2614B7A86D00C3FD84 /* Utilities */,
				C91BFD4F14B2FCF300F00F47 /* View */,
				C9EB551D14A6112C003B4206 /* MJGFoundation.h */,
			);
			path = Source;
			sourceTree = SOURCE_ROOT;
		};
		C9EB54D114A60A2D003B4206 /* Categories */ = {
			isa = PBXGroup;
			children = (
				C9EB54D414A60B60003B4206 /* NSData */,
				C9EB54D914A60B60003B4206 /* NSDate */,
				C9EB54DC14A60B60003B4206 /* NSDictionary */,
				C9EB54E114A60B60003B4206 /* NSError */,
				C9EB54E414A60B60003B4206 /* NSNumber */,
				C9EB54E714A60B60003B4206 /* NSString */,
				C9EB54EE14A60B60003B4206 /* UIButton */,
				C9EB54F114A60B60003B4206 /* UIColor */,
				C9EB54F414A60B60003B4206 /* UIImage */,
			);
			path = Categories;
			sourceTree = "<group>";
		};
		C9EB54D414A60B60003B4206 /* NSData */ = {
			isa = PBXGroup;
			children = (
				C9EB54D714A60B60003B4206 /* NSData-MJGZip.h */,
				C9EB54D814A60B60003B4206 /* NSData-MJGZip.m */,
			);
			path = NSData;
			sourceTree = "<group>";
		};
		C9EB54D914A60B60003B4206 /* NSDate */ = {
			isa = PBXGroup;
			children = (
				C9EB54DA14A60B60003B4206 /* NSDate-MJGFormat.h */,
				C9EB54DB14A60B60003B4206 /* NSDate-MJGFormat.m */,
			);
			path = NSDate;
			sourceTree = "<group>";
		};
		C9EB54DC14A60B60003B4206 /* NSDictionary */ = {
			isa = PBXGroup;
			children = (
				C9EB54DF14A60B60003B4206 /* NSDictionary-MJGURLEncode.h */,
				C9EB54E014A60B60003B4206 /* NSDictionary-MJGURLEncode.m */,
			);
			path = NSDictionary;
			sourceTree = "<group>";
		};
		C9EB54E114A60B60003B4206 /* NSError */ = {
			isa = PBXGroup;
			children = (
				C9EB54E214A60B60003B4206 /* NSError-MJGAlert.h */,
				C9EB54E314A60B60003B4206 /* NSError-MJGAlert.m */,
			);
			path = NSError;
			sourceTree = "<group>";
		};
		C9EB54E414A60B60003B4206 /* NSNumber */ = {
			isa = PBXGroup;
			children = (
				C9EB54E514A60B60003B4206 /* NSNumber-MJGRandom.h */,
				C9EB54E614A60B60003B4206 /* NSNumber-MJGRandom.m */,
			);
			path = NSNumber;
			sourceTree = "<group>";
		};
		C9EB54E714A60B60003B4206 /* NSString */ = {
			isa = PBXGroup;
			children = (
				C9EB54EA14A60B60003B4206 /* NSString-MJGCrypto.h */,
				C9EB54EB14A60B60003B4206 /* NSString-MJGCrypto.m */,
				C9EB54EC14A60B60003B4206 /* NSString-MJGURLEncode.h */,
				C9EB54ED14A60B60003B4206 /* NSString-MJGURLEncode.m */,
			);
			path = NSString;
			sourceTree = "<group>";
		};
		C9EB54EE14A60B60003B4206 /* UIButton */ = {
			isa = PBXGroup;
			children = (
				C9EB54EF14A60B60003B4206 /* UIButton-MJGAdditions.h */,
				C9EB54F014A60B60003B4206 /* UIButton-MJGAdditions.m */,
			);
			path = UIButton;
			sourceTree = "<group>";
		};
		C9EB54F114A60B60003B4206 /* UIColor */ = {
			isa = PBXGroup;
			children = (
				C9EB54F214A60B60003B4206 /* UIColor-MJGAdditions.h */,
				C9EB54F314A60B60003B4206 /* UIColor-MJGAdditions.m */,
			);
			path = UIColor;
			sourceTree = "<group>";
		};
		C9EB54F414A60B60003B4206 /* UIImage */ = {
			isa = PBXGroup;
			children = (
				C9EB54F514A60B60003B4206 /* UIImage-MJGScaling.h */,
				C9EB54F614A60B60003B4206 /* UIImage-MJGScaling.m */,
			);
			path = UIImage;
			sourceTree = "<group>";
		};
/* End PBXGroup section */

/* Begin PBXHeadersBuildPhase section */
		C9EB54BA14A609CD003B4206 /* Headers */ = {
			isa = PBXHeadersBuildPhase;
			buildActionMask = 2147483647;
			files = (
				C9EB54D314A60A2D003B4206 /* MJGFoundation-Prefix.pch in Headers */,
				C9EB54FC14A60B60003B4206 /* NSData-MJGZip.h in Headers */,
				C9EB54FE14A60B60003B4206 /* NSDate-MJGFormat.h in Headers */,
				C9EB550214A60B60003B4206 /* NSDictionary-MJGURLEncode.h in Headers */,
				C9EB550414A60B60003B4206 /* NSError-MJGAlert.h in Headers */,
				C9EB550614A60B60003B4206 /* NSNumber-MJGRandom.h in Headers */,
				C9EB550A14A60B60003B4206 /* NSString-MJGCrypto.h in Headers */,
				C9EB550C14A60B60003B4206 /* NSString-MJGURLEncode.h in Headers */,
				C9EB550E14A60B60003B4206 /* UIButton-MJGAdditions.h in Headers */,
				C9EB551014A60B60003B4206 /* UIColor-MJGAdditions.h in Headers */,
				C9EB551214A60B60003B4206 /* UIImage-MJGScaling.h in Headers */,
				C9EB551E14A6112D003B4206 /* MJGFoundation.h in Headers */,
				C91BFD5214B2FCF300F00F47 /* MJGRateView.h in Headers */,
				C901CAB914B7844A00C3FD84 /* MJGChoiceViewController.h in Headers */,
				C901CABB14B7844A00C3FD84 /* MJGFullscreenImageViewController.h in Headers */,
				C901CABD14B7844A00C3FD84 /* MJGFullscreenWebViewController.h in Headers */,
				C901CABF14B7844A00C3FD84 /* MJGImageGalleryViewController.h in Headers */,
				C901CAFC14B7921200C3FD84 /* MJGLoadableImageView.h in Headers */,
				C901CB2914B7A86E00C3FD84 /* MJGImageLoader.h in Headers */,
				C901CB2D14B7B3A500C3FD84 /* MJGStack.h in Headers */,
				C909420514B84B8900BE443A /* MJGRPNCalculator.h in Headers */,
				C95235B314B86E3000B880D3 /* AppDelegate.h in Headers */,
				C95235B614B86E3000B880D3 /* MainViewController.h in Headers */,
				C95235C014B86E9E00B880D3 /* MJGRPNCalculatorTests.h in Headers */,
				C9D0256414C75F5700D494C1 /* MJGAvailability.h in Headers */,
				C9D7F05614D97CA8002C2AC1 /* MJG2DPinchGestureRecognizer.h in Headers */,
				C9D7F05B14D98364002C2AC1 /* Example2DPinchGestureRecognizerViewController.h in Headers */,
				C974E3B014DC5B2500B98A7C /* MJGObjectCache.h in Headers */,
				C974E3B514DC5B5C00B98A7C /* MJGObjectCacheEntry.h in Headers */,
				C974E3F414DEF3B600B98A7C /* ExampleMJGRateViewViewController.h in Headers */,
				C974E41E14DF408700B98A7C /* MJGObjectCacheTests-Prefix.pch in Headers */,
				C974E41F14DF408700B98A7C /* MJGObjectCacheTests.h in Headers */,
				C945E94F15B5F45800F560BD /* MJGSortedMutableArray.h in Headers */,
			);
			runOnlyForDeploymentPostprocessing = 0;
		};
/* End PBXHeadersBuildPhase section */

/* Begin PBXNativeTarget section */
		C909420C14B85CA200BE443A /* MJGRPNCalculatorTests */ = {
			isa = PBXNativeTarget;
			buildConfigurationList = C909421D14B85CA300BE443A /* Build configuration list for PBXNativeTarget "MJGRPNCalculatorTests" */;
			buildPhases = (
				C909420814B85CA200BE443A /* Sources */,
				C909420914B85CA200BE443A /* Frameworks */,
				C909420A14B85CA200BE443A /* Resources */,
				C909420B14B85CA200BE443A /* ShellScript */,
			);
			buildRules = (
			);
			dependencies = (
			);
			name = MJGRPNCalculatorTests;
			productName = MJGRPNCalculatorTests;
			productReference = C909420D14B85CA200BE443A /* MJGRPNCalculatorTests.octest */;
			productType = "com.apple.product-type.bundle";
		};
		C909422414B864A800BE443A /* MJGFoundationUICatalog */ = {
			isa = PBXNativeTarget;
			buildConfigurationList = C909424914B864A900BE443A /* Build configuration list for PBXNativeTarget "MJGFoundationUICatalog" */;
			buildPhases = (
				C909422114B864A800BE443A /* Sources */,
				C909422214B864A800BE443A /* Frameworks */,
				C909422314B864A800BE443A /* Resources */,
			);
			buildRules = (
			);
			dependencies = (
			);
			name = MJGFoundationUICatalog;
			productName = MJGFoundationUICatalog;
			productReference = C909422514B864A800BE443A /* MJGFoundationUICatalog.app */;
			productType = "com.apple.product-type.application";
		};
		C974E40614DF404700B98A7C /* MJGObjectCacheTests */ = {
			isa = PBXNativeTarget;
			buildConfigurationList = C974E41514DF404700B98A7C /* Build configuration list for PBXNativeTarget "MJGObjectCacheTests" */;
			buildPhases = (
				C974E40214DF404700B98A7C /* Sources */,
				C974E40314DF404700B98A7C /* Frameworks */,
				C974E40414DF404700B98A7C /* Resources */,
				C974E40514DF404700B98A7C /* ShellScript */,
			);
			buildRules = (
			);
			dependencies = (
			);
			name = MJGObjectCacheTests;
			productName = MJGObjectCacheTests;
			productReference = C974E40714DF404700B98A7C /* MJGObjectCacheTests.octest */;
			productType = "com.apple.product-type.bundle";
		};
		C9EB54BB14A609CD003B4206 /* MJGFoundation */ = {
			isa = PBXNativeTarget;
			buildConfigurationList = C9EB54C914A609CD003B4206 /* Build configuration list for PBXNativeTarget "MJGFoundation" */;
			buildPhases = (
				C9EB54B814A609CD003B4206 /* Sources */,
				C9EB54B914A609CD003B4206 /* Frameworks */,
				C9EB54BA14A609CD003B4206 /* Headers */,
			);
			buildRules = (
			);
			dependencies = (
			);
			name = MJGFoundation;
			productName = MJGFoundation;
			productReference = C9EB54BC14A609CD003B4206 /* libMJGFoundation.a */;
			productType = "com.apple.product-type.library.static";
		};
/* End PBXNativeTarget section */

/* Begin PBXProject section */
		C9EB54B314A609CD003B4206 /* Project object */ = {
			isa = PBXProject;
			attributes = {
				LastUpgradeCheck = 0420;
				ORGANIZATIONNAME = "Matt Galloway";
			};
			buildConfigurationList = C9EB54B614A609CD003B4206 /* Build configuration list for PBXProject "MJGFoundation" */;
			compatibilityVersion = "Xcode 3.2";
			developmentRegion = English;
			hasScannedForEncodings = 0;
			knownRegions = (
				en,
			);
			mainGroup = C9EB54B114A609CD003B4206;
			productRefGroup = C9EB54BD14A609CD003B4206 /* Products */;
			projectDirPath = "";
			projectRoot = "";
			targets = (
				C9EB54BB14A609CD003B4206 /* MJGFoundation */,
				C909420C14B85CA200BE443A /* MJGRPNCalculatorTests */,
				C974E40614DF404700B98A7C /* MJGObjectCacheTests */,
				C909422414B864A800BE443A /* MJGFoundationUICatalog */,
			);
		};
/* End PBXProject section */

/* Begin PBXResourcesBuildPhase section */
		C909420A14B85CA200BE443A /* Resources */ = {
			isa = PBXResourcesBuildPhase;
			buildActionMask = 2147483647;
			files = (
			);
			runOnlyForDeploymentPostprocessing = 0;
		};
		C909422314B864A800BE443A /* Resources */ = {
			isa = PBXResourcesBuildPhase;
			buildActionMask = 2147483647;
			files = (
				C974E3F714DEF5ED00B98A7C /* star_off.png in Resources */,
				C974E3F814DEF5ED00B98A7C /* star_off@2x.png in Resources */,
				C974E3F914DEF5ED00B98A7C /* star_on.png in Resources */,
				C974E3FA14DEF5ED00B98A7C /* star_on@2x.png in Resources */,
				C95235BB14B86E7F00B880D3 /* MainViewController~ipad.xib in Resources */,
				C95235BC14B86E7F00B880D3 /* MainViewController~iphone.xib in Resources */,
			);
			runOnlyForDeploymentPostprocessing = 0;
		};
		C974E40414DF404700B98A7C /* Resources */ = {
			isa = PBXResourcesBuildPhase;
			buildActionMask = 2147483647;
			files = (
			);
			runOnlyForDeploymentPostprocessing = 0;
		};
/* End PBXResourcesBuildPhase section */

/* Begin PBXShellScriptBuildPhase section */
		C909420B14B85CA200BE443A /* ShellScript */ = {
			isa = PBXShellScriptBuildPhase;
			buildActionMask = 2147483647;
			files = (
			);
			inputPaths = (
			);
			outputPaths = (
			);
			runOnlyForDeploymentPostprocessing = 0;
			shellPath = /bin/sh;
			shellScript = "# Run the unit tests in this test bundle.\n\"${SYSTEM_DEVELOPER_DIR}/Tools/RunUnitTests\"\n";
		};
		C974E40514DF404700B98A7C /* ShellScript */ = {
			isa = PBXShellScriptBuildPhase;
			buildActionMask = 2147483647;
			files = (
			);
			inputPaths = (
			);
			outputPaths = (
			);
			runOnlyForDeploymentPostprocessing = 0;
			shellPath = /bin/sh;
			shellScript = "# Run the unit tests in this test bundle.\n\"${SYSTEM_DEVELOPER_DIR}/Tools/RunUnitTests\"\n";
		};
/* End PBXShellScriptBuildPhase section */

/* Begin PBXSourcesBuildPhase section */
		C909420814B85CA200BE443A /* Sources */ = {
			isa = PBXSourcesBuildPhase;
			buildActionMask = 2147483647;
			files = (
				C95235C214B86EAF00B880D3 /* MJGRPNCalculatorTests.m in Sources */,
			);
			runOnlyForDeploymentPostprocessing = 0;
		};
		C909422114B864A800BE443A /* Sources */ = {
			isa = PBXSourcesBuildPhase;
			buildActionMask = 2147483647;
			files = (
				C909423214B864A800BE443A /* main.m in Sources */,
				C95235B914B86E7300B880D3 /* AppDelegate.m in Sources */,
				C95235BA14B86E7300B880D3 /* MainViewController.m in Sources */,
			);
			runOnlyForDeploymentPostprocessing = 0;
		};
		C974E40214DF404700B98A7C /* Sources */ = {
			isa = PBXSourcesBuildPhase;
			buildActionMask = 2147483647;
			files = (
				C974E42314DF412A00B98A7C /* MJGObjectCacheTests.m in Sources */,
			);
			runOnlyForDeploymentPostprocessing = 0;
		};
		C9EB54B814A609CD003B4206 /* Sources */ = {
			isa = PBXSourcesBuildPhase;
			buildActionMask = 2147483647;
			files = (
				C9EB54FD14A60B60003B4206 /* NSData-MJGZip.m in Sources */,
				C9EB54FF14A60B60003B4206 /* NSDate-MJGFormat.m in Sources */,
				C9EB550314A60B60003B4206 /* NSDictionary-MJGURLEncode.m in Sources */,
				C9EB550514A60B60003B4206 /* NSError-MJGAlert.m in Sources */,
				C9EB550714A60B60003B4206 /* NSNumber-MJGRandom.m in Sources */,
				C9EB550B14A60B60003B4206 /* NSString-MJGCrypto.m in Sources */,
				C9EB550D14A60B60003B4206 /* NSString-MJGURLEncode.m in Sources */,
				C9EB550F14A60B60003B4206 /* UIButton-MJGAdditions.m in Sources */,
				C9EB551114A60B60003B4206 /* UIColor-MJGAdditions.m in Sources */,
				C9EB551314A60B60003B4206 /* UIImage-MJGScaling.m in Sources */,
				C91BFD5314B2FCF300F00F47 /* MJGRateView.m in Sources */,
				C901CABA14B7844A00C3FD84 /* MJGChoiceViewController.m in Sources */,
				C901CABC14B7844A00C3FD84 /* MJGFullscreenImageViewController.m in Sources */,
				C901CABE14B7844A00C3FD84 /* MJGFullscreenWebViewController.m in Sources */,
				C901CAC014B7844A00C3FD84 /* MJGImageGalleryViewController.m in Sources */,
				C901CAFD14B7921200C3FD84 /* MJGLoadableImageView.m in Sources */,
				C901CB2A14B7A86E00C3FD84 /* MJGImageLoader.m in Sources */,
				C901CB2E14B7B3A500C3FD84 /* MJGStack.m in Sources */,
				C909420614B84B8900BE443A /* MJGRPNCalculator.m in Sources */,
				C9D7F05714D97CA8002C2AC1 /* MJG2DPinchGestureRecognizer.m in Sources */,
				C9D7F05C14D98364002C2AC1 /* Example2DPinchGestureRecognizerViewController.m in Sources */,
				C974E3F514DEF3B600B98A7C /* ExampleMJGRateViewViewController.m in Sources */,
				C974E3B114DC5B2500B98A7C /* MJGObjectCache.m in Sources */,
				C974E3B614DC5B5C00B98A7C /* MJGObjectCacheEntry.m in Sources */,
				C945E95015B5F45800F560BD /* MJGSortedMutableArray.m in Sources */,
			);
			runOnlyForDeploymentPostprocessing = 0;
		};
/* End PBXSourcesBuildPhase section */

/* Begin XCBuildConfiguration section */
		C909421E14B85CA300BE443A /* Debug */ = {
			isa = XCBuildConfiguration;
			buildSettings = {
				FRAMEWORK_SEARCH_PATHS = (
					"$(SDKROOT)/Developer/Library/Frameworks",
					"$(DEVELOPER_LIBRARY_DIR)/Frameworks",
				);
				GCC_PRECOMPILE_PREFIX_HEADER = YES;
				GCC_PREFIX_HEADER = "Tests/MJGRPNCalculatorTests/MJGRPNCalculatorTests-Prefix.pch";
				INFOPLIST_FILE = "Tests/MJGRPNCalculatorTests/MJGRPNCalculatorTests-Info.plist";
				PRODUCT_NAME = "$(TARGET_NAME)";
				WRAPPER_EXTENSION = octest;
			};
			name = Debug;
		};
		C909421F14B85CA300BE443A /* Release */ = {
			isa = XCBuildConfiguration;
			buildSettings = {
				FRAMEWORK_SEARCH_PATHS = (
					"$(SDKROOT)/Developer/Library/Frameworks",
					"$(DEVELOPER_LIBRARY_DIR)/Frameworks",
				);
				GCC_PRECOMPILE_PREFIX_HEADER = YES;
				GCC_PREFIX_HEADER = "Tests/MJGRPNCalculatorTests/MJGRPNCalculatorTests-Prefix.pch";
				INFOPLIST_FILE = "Tests/MJGRPNCalculatorTests/MJGRPNCalculatorTests-Info.plist";
				PRODUCT_NAME = "$(TARGET_NAME)";
				WRAPPER_EXTENSION = octest;
			};
			name = Release;
		};
		C909424A14B864A900BE443A /* Debug */ = {
			isa = XCBuildConfiguration;
			buildSettings = {
				"CODE_SIGN_IDENTITY[sdk=iphoneos*]" = "iPhone Developer";
				GCC_PRECOMPILE_PREFIX_HEADER = YES;
				GCC_PREFIX_HEADER = "MJGFoundationUICatalog/MJGFoundationUICatalog-Prefix.pch";
				INFOPLIST_FILE = "MJGFoundationUICatalog/MJGFoundationUICatalog-Info.plist";
				IPHONEOS_DEPLOYMENT_TARGET = 5.0;
				PRODUCT_NAME = "$(TARGET_NAME)";
				TARGETED_DEVICE_FAMILY = "1,2";
				WRAPPER_EXTENSION = app;
			};
			name = Debug;
		};
		C909424B14B864A900BE443A /* Release */ = {
			isa = XCBuildConfiguration;
			buildSettings = {
				"CODE_SIGN_IDENTITY[sdk=iphoneos*]" = "iPhone Developer";
				GCC_PRECOMPILE_PREFIX_HEADER = YES;
				GCC_PREFIX_HEADER = "MJGFoundationUICatalog/MJGFoundationUICatalog-Prefix.pch";
				INFOPLIST_FILE = "MJGFoundationUICatalog/MJGFoundationUICatalog-Info.plist";
				IPHONEOS_DEPLOYMENT_TARGET = 5.0;
				OTHER_CFLAGS = "-DNS_BLOCK_ASSERTIONS=1";
				PRODUCT_NAME = "$(TARGET_NAME)";
				TARGETED_DEVICE_FAMILY = "1,2";
				WRAPPER_EXTENSION = app;
			};
			name = Release;
		};
		C974E41614DF404700B98A7C /* Debug */ = {
			isa = XCBuildConfiguration;
			buildSettings = {
				FRAMEWORK_SEARCH_PATHS = (
					"$(SDKROOT)/Developer/Library/Frameworks",
					"$(DEVELOPER_LIBRARY_DIR)/Frameworks",
				);
				GCC_PRECOMPILE_PREFIX_HEADER = YES;
				GCC_PREFIX_HEADER = "Tests/MJGObjectCacheTests/MJGObjectCacheTests-Prefix.pch";
				INFOPLIST_FILE = "Tests/MJGObjectCacheTests/MJGObjectCacheTests-Info.plist";
				IPHONEOS_DEPLOYMENT_TARGET = 5.0;
				PRODUCT_NAME = "$(TARGET_NAME)";
				WRAPPER_EXTENSION = octest;
			};
			name = Debug;
		};
		C974E41714DF404700B98A7C /* Release */ = {
			isa = XCBuildConfiguration;
			buildSettings = {
				FRAMEWORK_SEARCH_PATHS = (
					"$(SDKROOT)/Developer/Library/Frameworks",
					"$(DEVELOPER_LIBRARY_DIR)/Frameworks",
				);
				GCC_PRECOMPILE_PREFIX_HEADER = YES;
				GCC_PREFIX_HEADER = "Tests/MJGObjectCacheTests/MJGObjectCacheTests-Prefix.pch";
				INFOPLIST_FILE = "Tests/MJGObjectCacheTests/MJGObjectCacheTests-Info.plist";
				IPHONEOS_DEPLOYMENT_TARGET = 5.0;
				PRODUCT_NAME = "$(TARGET_NAME)";
				WRAPPER_EXTENSION = octest;
			};
			name = Release;
		};
		C9EB54C714A609CD003B4206 /* Debug */ = {
			isa = XCBuildConfiguration;
			buildSettings = {
				ALWAYS_SEARCH_USER_PATHS = NO;
				ARCHS = "$(ARCHS_STANDARD_32_BIT)";
				CLANG_ENABLE_OBJC_ARC = YES;
				COPY_PHASE_STRIP = NO;
				GCC_C_LANGUAGE_STANDARD = gnu99;
				GCC_DYNAMIC_NO_PIC = NO;
				GCC_OPTIMIZATION_LEVEL = 0;
				GCC_PREPROCESSOR_DEFINITIONS = (
					"DEBUG=1",
					"$(inherited)",
				);
				GCC_SYMBOLS_PRIVATE_EXTERN = NO;
				GCC_VERSION = com.apple.compilers.llvm.clang.1_0;
				GCC_WARN_ABOUT_MISSING_PROTOTYPES = YES;
				GCC_WARN_ABOUT_RETURN_TYPE = YES;
				GCC_WARN_UNUSED_VARIABLE = YES;
				IPHONEOS_DEPLOYMENT_TARGET = 4.0;
				SDKROOT = iphoneos;
			};
			name = Debug;
		};
		C9EB54C814A609CD003B4206 /* Release */ = {
			isa = XCBuildConfiguration;
			buildSettings = {
				ALWAYS_SEARCH_USER_PATHS = NO;
				ARCHS = "$(ARCHS_STANDARD_32_BIT)";
				CLANG_ENABLE_OBJC_ARC = YES;
				COPY_PHASE_STRIP = YES;
				GCC_C_LANGUAGE_STANDARD = gnu99;
				GCC_VERSION = com.apple.compilers.llvm.clang.1_0;
				GCC_WARN_ABOUT_MISSING_PROTOTYPES = YES;
				GCC_WARN_ABOUT_RETURN_TYPE = YES;
				GCC_WARN_UNUSED_VARIABLE = YES;
				IPHONEOS_DEPLOYMENT_TARGET = 4.0;
				SDKROOT = iphoneos;
				VALIDATE_PRODUCT = YES;
			};
			name = Release;
		};
		C9EB54CA14A609CD003B4206 /* Debug */ = {
			isa = XCBuildConfiguration;
			buildSettings = {
				DSTROOT = /tmp/MJGFoundation.dst;
				GCC_PRECOMPILE_PREFIX_HEADER = YES;
				GCC_PREFIX_HEADER = "Source/MJGFoundation-Prefix.pch";
				OTHER_LDFLAGS = "-ObjC";
				PRODUCT_NAME = "$(TARGET_NAME)";
				SKIP_INSTALL = YES;
			};
			name = Debug;
		};
		C9EB54CB14A609CD003B4206 /* Release */ = {
			isa = XCBuildConfiguration;
			buildSettings = {
				DSTROOT = /tmp/MJGFoundation.dst;
				GCC_PRECOMPILE_PREFIX_HEADER = YES;
				GCC_PREFIX_HEADER = "Source/MJGFoundation-Prefix.pch";
				OTHER_LDFLAGS = "-ObjC";
				PRODUCT_NAME = "$(TARGET_NAME)";
				SKIP_INSTALL = YES;
			};
			name = Release;
		};
/* End XCBuildConfiguration section */

/* Begin XCConfigurationList section */
		C909421D14B85CA300BE443A /* Build configuration list for PBXNativeTarget "MJGRPNCalculatorTests" */ = {
			isa = XCConfigurationList;
			buildConfigurations = (
				C909421E14B85CA300BE443A /* Debug */,
				C909421F14B85CA300BE443A /* Release */,
			);
			defaultConfigurationIsVisible = 0;
			defaultConfigurationName = Release;
		};
		C909424914B864A900BE443A /* Build configuration list for PBXNativeTarget "MJGFoundationUICatalog" */ = {
			isa = XCConfigurationList;
			buildConfigurations = (
				C909424A14B864A900BE443A /* Debug */,
				C909424B14B864A900BE443A /* Release */,
			);
			defaultConfigurationIsVisible = 0;
			defaultConfigurationName = Release;
		};
		C974E41514DF404700B98A7C /* Build configuration list for PBXNativeTarget "MJGObjectCacheTests" */ = {
			isa = XCConfigurationList;
			buildConfigurations = (
				C974E41614DF404700B98A7C /* Debug */,
				C974E41714DF404700B98A7C /* Release */,
			);
			defaultConfigurationIsVisible = 0;
		};
		C9EB54B614A609CD003B4206 /* Build configuration list for PBXProject "MJGFoundation" */ = {
			isa = XCConfigurationList;
			buildConfigurations = (
				C9EB54C714A609CD003B4206 /* Debug */,
				C9EB54C814A609CD003B4206 /* Release */,
			);
			defaultConfigurationIsVisible = 0;
			defaultConfigurationName = Release;
		};
		C9EB54C914A609CD003B4206 /* Build configuration list for PBXNativeTarget "MJGFoundation" */ = {
			isa = XCConfigurationList;
			buildConfigurations = (
				C9EB54CA14A609CD003B4206 /* Debug */,
				C9EB54CB14A609CD003B4206 /* Release */,
			);
			defaultConfigurationIsVisible = 0;
			defaultConfigurationName = Release;
		};
/* End XCConfigurationList section */
	};
	rootObject = C9EB54B314A609CD003B4206 /* Project object */;
}
